
Microsoft Visual Studio Solution File, Format Version 12.00
# Visual Studio Version 17
VisualStudioVersion = 17.9.34728.123
MinimumVisualStudioVersion = 10.0.40219.1
Project("{FAE04EC0-301F-11D3-BF4B-00C04F79EFBC}") = "DiscordToolsApp", "DiscordToolsApp.csproj", "{1810B243-E627-44CD-AF4E-66F6FFBB4577}"
EndProject
Global
	GlobalSection(SolutionConfigurationPlatforms) = preSolution
		Debug|Any CPU = Debug|Any CPU
		Release|Any CPU = Release|Any CPU
	EndGlobalSection
	GlobalSection(ProjectConfigurationPlatforms) = postSolution
		{1810B243-E627-44CD-AF4E-66F6FFBB4577}.Debug|Any CPU.ActiveCfg = Debug|Any CPU
		{1810B243-E627-44CD-AF4E-66F6FFBB4577}.Debug|Any CPU.Build.0 = Debug|Any CPU
		{1810B243-E627-44CD-AF4E-66F6FFBB4577}.Debug|Any CPU.Deploy.0 = Debug|Any CPU
		{1810B243-E627-44CD-AF4E-66F6FFBB4577}.Release|Any CPU.ActiveCfg = Release|Any CPU
		{1810B243-E627-44CD-AF4E-66F6FFBB4577}.Release|Any CPU.Build.0 = Release|Any CPU
		{1810B243-E627-44CD-AF4E-66F6FFBB4577}.Release|Any CPU.Deploy.0 = Release|Any CPU
	EndGlobalSection
	GlobalSection(SolutionProperties) = preSolution
		HideSolutionNode = FALSE
	EndGlobalSection
	GlobalSection(ExtensibilityGlobals) = postSolution
		SolutionGuid = {CCDCF92A-52E9-4D9D-9B45-DA311CE4DC83}
	EndGlobalSection
EndGlobal
